
Microsoft Visual Studio Solution File, Format Version 12.00
# Visual Studio 15
VisualStudioVersion = 15.0.28307.902
MinimumVisualStudioVersion = 10.0.40219.1
Project("{FAE04EC0-301F-11D3-BF4B-00C04F79EFBC}") = "Exam", "Exam\Exam.csproj", "{745FFC0D-D515-4639-B3E0-4E9B5962A9CE}"
EndProject
Global
	GlobalSection(SolutionConfigurationPlatforms) = preSolution
		Debug|Any CPU = Debug|Any CPU
		Release|Any CPU = Release|Any CPU
	EndGlobalSection
	GlobalSection(ProjectConfigurationPlatforms) = postSolution
		{745FFC0D-D515-4639-B3E0-4E9B5962A9CE}.Debug|Any CPU.ActiveCfg = Debug|Any CPU
		{745FFC0D-D515-4639-B3E0-4E9B5962A9CE}.Debug|Any CPU.Build.0 = Debug|Any CPU
		{745FFC0D-D515-4639-B3E0-4E9B5962A9CE}.Release|Any CPU.ActiveCfg = Release|Any CPU
		{745FFC0D-D515-4639-B3E0-4E9B5962A9CE}.Release|Any CPU.Build.0 = Release|Any CPU
	EndGlobalSection
	GlobalSection(SolutionProperties) = preSolution
		HideSolutionNode = FALSE
	EndGlobalSection
	GlobalSection(ExtensibilityGlobals) = postSolution
		SolutionGuid = {514238E0-FF98-4D09-B96A-EC66CD84A2E5}
	EndGlobalSection
EndGlobal
